
Microsoft Visual Studio Solution File, Format Version 12.00
# Visual Studio Version 17
VisualStudioVersion = 17.11.35327.3
MinimumVisualStudioVersion = 10.0.40219.1
Project("{FAE04EC0-301F-11D3-BF4B-00C04F79EFBC}") = "WebService", "WebService.csproj", "{BB7BBE2A-2AB2-4F48-BEB6-729E4898FDAE}"
EndProject
Global
	GlobalSection(SolutionConfigurationPlatforms) = preSolution
		Debug|Any CPU = Debug|Any CPU
		Release|Any CPU = Release|Any CPU
	EndGlobalSection
	GlobalSection(ProjectConfigurationPlatforms) = postSolution
		{BB7BBE2A-2AB2-4F48-BEB6-729E4898FDAE}.Debug|Any CPU.ActiveCfg = Debug|Any CPU
		{BB7BBE2A-2AB2-4F48-BEB6-729E4898FDAE}.Debug|Any CPU.Build.0 = Debug|Any CPU
		{BB7BBE2A-2AB2-4F48-BEB6-729E4898FDAE}.Release|Any CPU.ActiveCfg = Release|Any CPU
		{BB7BBE2A-2AB2-4F48-BEB6-729E4898FDAE}.Release|Any CPU.Build.0 = Release|Any CPU
	EndGlobalSection
	GlobalSection(SolutionProperties) = preSolution
		HideSolutionNode = FALSE
	EndGlobalSection
	GlobalSection(ExtensibilityGlobals) = postSolution
		SolutionGuid = {1B68A2A4-9DA4-4537-86A4-D940E4CAA97B}
	EndGlobalSection
EndGlobal
